{
  "name": "gymg-v2",
  "version": "1.0.0",
  "lockfileVersion": 1,
  "requires": true,
  "dependencies": {
    "bootstrap-icons": {
      "version": "1.5.0",
      "resolved": "https://registry.npmjs.org/bootstrap-icons/-/bootstrap-icons-1.5.0.tgz",
      "integrity": "sha512-44feMc7DE1Ccpsas/1wioN8ewFJNquvi5FewA06wLnqct7CwMdGDVy41ieHaacogzDqLfG8nADIvMNp9e4bfbA=="
    },
    "spinkit": {
      "version": "2.0.1",
      "resolved": "https://registry.npmjs.org/spinkit/-/spinkit-2.0.1.tgz",
      "integrity": "sha512-oYBGY0GV1H1dX+ZdKnB6JVsYC1w/Xl20H111eb+WSS8nUYmlHgGb4y5buFSkzzceEeYYh5kMhXoAmoTpiQauiA=="
    }
  }
}
